
Microsoft Visual Studio Solution File, Format Version 12.00
# Visual Studio Version 17
VisualStudioVersion = 17.4.33122.133
MinimumVisualStudioVersion = 10.0.40219.1
Project("{9A19103F-16F7-4668-BE54-9A1E7A4F7556}") = "GymManager.Web", "GymManager.Web\GymManager.Web.csproj", "{03F3314A-4668-44FD-B917-58058E5910A6}"
EndProject
Project("{FAE04EC0-301F-11D3-BF4B-00C04F79EFBC}") = "GymManager.ApplicationServices", "GymManager.ApplicationServices\GymManager.ApplicationServices.csproj", "{CAAFF0C3-8F09-450B-A8E7-BDA512446675}"
EndProject
Project("{FAE04EC0-301F-11D3-BF4B-00C04F79EFBC}") = "GymManager.Core", "GymManager.Core\GymManager.Core.csproj", "{38F71D4A-7BD2-4210-9475-93DED6182D37}"
EndProject
Global
	GlobalSection(SolutionConfigurationPlatforms) = preSolution
		Debug|Any CPU = Debug|Any CPU
		Release|Any CPU = Release|Any CPU
	EndGlobalSection
	GlobalSection(ProjectConfigurationPlatforms) = postSolution
		{03F3314A-4668-44FD-B917-58058E5910A6}.Debug|Any CPU.ActiveCfg = Debug|Any CPU
		{03F3314A-4668-44FD-B917-58058E5910A6}.Debug|Any CPU.Build.0 = Debug|Any CPU
		{03F3314A-4668-44FD-B917-58058E5910A6}.Release|Any CPU.ActiveCfg = Release|Any CPU
		{03F3314A-4668-44FD-B917-58058E5910A6}.Release|Any CPU.Build.0 = Release|Any CPU
		{CAAFF0C3-8F09-450B-A8E7-BDA512446675}.Debug|Any CPU.ActiveCfg = Debug|Any CPU
		{CAAFF0C3-8F09-450B-A8E7-BDA512446675}.Debug|Any CPU.Build.0 = Debug|Any CPU
		{CAAFF0C3-8F09-450B-A8E7-BDA512446675}.Release|Any CPU.ActiveCfg = Release|Any CPU
		{CAAFF0C3-8F09-450B-A8E7-BDA512446675}.Release|Any CPU.Build.0 = Release|Any CPU
		{38F71D4A-7BD2-4210-9475-93DED6182D37}.Debug|Any CPU.ActiveCfg = Debug|Any CPU
		{38F71D4A-7BD2-4210-9475-93DED6182D37}.Debug|Any CPU.Build.0 = Debug|Any CPU
		{38F71D4A-7BD2-4210-9475-93DED6182D37}.Release|Any CPU.ActiveCfg = Release|Any CPU
		{38F71D4A-7BD2-4210-9475-93DED6182D37}.Release|Any CPU.Build.0 = Release|Any CPU
	EndGlobalSection
	GlobalSection(SolutionProperties) = preSolution
		HideSolutionNode = FALSE
	EndGlobalSection
	GlobalSection(ExtensibilityGlobals) = postSolution
		SolutionGuid = {060797BC-16BE-4F34-82D0-8B850FFB8314}
	EndGlobalSection
EndGlobal
